
Microsoft Visual Studio Solution File, Format Version 12.00
# Visual Studio Version 16
VisualStudioVersion = 16.0.30011.22
MinimumVisualStudioVersion = 10.0.40219.1
Project("{FAE04EC0-301F-11D3-BF4B-00C04F79EFBC}") = "LiveSplit.AutoSplitIntegration", "LiveSplit.AutoSplitIntegration.csproj", "{8DEB033B-6D0F-4301-9CB4-ABDC3DEFD397}"
EndProject
Global
	GlobalSection(SolutionConfigurationPlatforms) = preSolution
		Debug|Any CPU = Debug|Any CPU
		Release|Any CPU = Release|Any CPU
	EndGlobalSection
	GlobalSection(ProjectConfigurationPlatforms) = postSolution
		{8DEB033B-6D0F-4301-9CB4-ABDC3DEFD397}.Debug|Any CPU.ActiveCfg = Debug|Any CPU
		{8DEB033B-6D0F-4301-9CB4-ABDC3DEFD397}.Debug|Any CPU.Build.0 = Debug|Any CPU
		{8DEB033B-6D0F-4301-9CB4-ABDC3DEFD397}.Release|Any CPU.ActiveCfg = Release|Any CPU
		{8DEB033B-6D0F-4301-9CB4-ABDC3DEFD397}.Release|Any CPU.Build.0 = Release|Any CPU
	EndGlobalSection
	GlobalSection(SolutionProperties) = preSolution
		HideSolutionNode = FALSE
	EndGlobalSection
	GlobalSection(ExtensibilityGlobals) = postSolution
		SolutionGuid = {CBC1EDDD-B566-4239-95C4-F15AFA594D0A}
	EndGlobalSection
EndGlobal
